
Microsoft Visual Studio Solution File, Format Version 12.00
# Visual Studio Version 16
VisualStudioVersion = 16.0.31702.278
MinimumVisualStudioVersion = 10.0.40219.1
Project("{2150E333-8FDC-42A3-9474-1A3956D46DE8}") = "Day 1 - Ocean Depth", "Day 1 - Ocean Depth", "{6E63A0B5-4F0B-48FD-BB27-58456528D015}"
EndProject
Project("{9A19103F-16F7-4668-BE54-9A1E7A4F7556}") = "Ocean Depth 3M Sliding Window", "Ocean Depth 3M Sliding Window\Ocean Depth 3M Sliding Window.csproj", "{38EBF9DB-DD3E-414C-8152-285897C24730}"
EndProject
Project("{9A19103F-16F7-4668-BE54-9A1E7A4F7556}") = "Ocean Depth Variation", "Ocean Depth Variation\Ocean Depth Variation.csproj", "{4B0C5533-4EE5-4BF1-A445-3D028044BCAE}"
EndProject
Project("{2150E333-8FDC-42A3-9474-1A3956D46DE8}") = "Day 2 - Sub Driving", "Day 2 - Sub Driving", "{722F73D2-1442-4D98-B1DB-EACFF2C43FD8}"
EndProject
Project("{9A19103F-16F7-4668-BE54-9A1E7A4F7556}") = "Preplanned Instructions", "Preplanned Instructions\Preplanned Instructions.csproj", "{93CD479F-4F9A-4CA1-9CBA-B9348B587CF3}"
EndProject
Project("{9A19103F-16F7-4668-BE54-9A1E7A4F7556}") = "Aim Instructions", "Aim Instructions\Aim Instructions.csproj", "{CB1B1AB2-3FF5-4435-93BD-D020B9797D5F}"
EndProject
Project("{2150E333-8FDC-42A3-9474-1A3956D46DE8}") = "Day 3 - Diagnostics Report", "Day 3 - Diagnostics Report", "{0E5C1E07-561E-4082-9F9B-D7F12EE86C63}"
EndProject
Project("{9A19103F-16F7-4668-BE54-9A1E7A4F7556}") = "Gamma and Epsilon Rate", "Gamma and Epsilon Rate\Gamma and Epsilon Rate.csproj", "{E6C19C66-E3B2-4A28-8B0F-74331DE62786}"
EndProject
Project("{9A19103F-16F7-4668-BE54-9A1E7A4F7556}") = "Life Support Rating", "Life Support Rating\Life Support Rating.csproj", "{E4E0714C-6670-4578-94D2-E8B3EAA45269}"
EndProject
Project("{2150E333-8FDC-42A3-9474-1A3956D46DE8}") = "Day 4 - Giant Squid", "Day 4 - Giant Squid", "{F032CF40-1279-4A9B-8CA3-1AA63AC6E1D9}"
EndProject
Project("{9A19103F-16F7-4668-BE54-9A1E7A4F7556}") = "Squid Bingo", "Squid Bingo\Squid Bingo.csproj", "{10A49CEB-DB64-4FEB-AFE2-DA686A0E3140}"
EndProject
Project("{9A19103F-16F7-4668-BE54-9A1E7A4F7556}") = "Squid Bingo Lost", "Squid Bingo Lost\Squid Bingo Lost.csproj", "{86E76674-79F2-4312-A4DB-309F985363FB}"
EndProject
Project("{2150E333-8FDC-42A3-9474-1A3956D46DE8}") = "Day 5 - Hydrothermal Vents", "Day 5 - Hydrothermal Vents", "{B2835C88-E664-4333-8825-6CF0046C6EA7}"
EndProject
Project("{9A19103F-16F7-4668-BE54-9A1E7A4F7556}") = "Overlapping Vents", "Overlapping Vents\Overlapping Vents.csproj", "{88D1BF61-5525-4748-A498-FB20DD084B85}"
EndProject
Project("{9A19103F-16F7-4668-BE54-9A1E7A4F7556}") = "Overlap With Diagonals", "Overlap With Diagonals\Overlap With Diagonals.csproj", "{3C6B1F0B-46BE-4FAF-9954-BB0F19FE145C}"
EndProject
Project("{2150E333-8FDC-42A3-9474-1A3956D46DE8}") = "Day 6 - Lanternfish Model", "Day 6 - Lanternfish Model", "{DCAE929F-1EC8-4DBB-8421-499C1BC0745C}"
EndProject
Project("{FAE04EC0-301F-11D3-BF4B-00C04F79EFBC}") = "80 Day Growth", "80 Day Growth\80 Day Growth.csproj", "{0E6872DC-0AD0-48D3-92B2-F699F1C251EC}"
EndProject
Project("{FAE04EC0-301F-11D3-BF4B-00C04F79EFBC}") = "256 Day Growth", "256 Day Growth\256 Day Growth.csproj", "{198CA894-AAF5-4339-A58D-81DD4C362FA4}"
EndProject
Global
	GlobalSection(SolutionConfigurationPlatforms) = preSolution
		Debug|Any CPU = Debug|Any CPU
		Release|Any CPU = Release|Any CPU
	EndGlobalSection
	GlobalSection(ProjectConfigurationPlatforms) = postSolution
		{38EBF9DB-DD3E-414C-8152-285897C24730}.Debug|Any CPU.ActiveCfg = Debug|Any CPU
		{38EBF9DB-DD3E-414C-8152-285897C24730}.Debug|Any CPU.Build.0 = Debug|Any CPU
		{38EBF9DB-DD3E-414C-8152-285897C24730}.Release|Any CPU.ActiveCfg = Release|Any CPU
		{38EBF9DB-DD3E-414C-8152-285897C24730}.Release|Any CPU.Build.0 = Release|Any CPU
		{4B0C5533-4EE5-4BF1-A445-3D028044BCAE}.Debug|Any CPU.ActiveCfg = Debug|Any CPU
		{4B0C5533-4EE5-4BF1-A445-3D028044BCAE}.Debug|Any CPU.Build.0 = Debug|Any CPU
		{4B0C5533-4EE5-4BF1-A445-3D028044BCAE}.Release|Any CPU.ActiveCfg = Release|Any CPU
		{4B0C5533-4EE5-4BF1-A445-3D028044BCAE}.Release|Any CPU.Build.0 = Release|Any CPU
		{93CD479F-4F9A-4CA1-9CBA-B9348B587CF3}.Debug|Any CPU.ActiveCfg = Debug|Any CPU
		{93CD479F-4F9A-4CA1-9CBA-B9348B587CF3}.Debug|Any CPU.Build.0 = Debug|Any CPU
		{93CD479F-4F9A-4CA1-9CBA-B9348B587CF3}.Release|Any CPU.ActiveCfg = Release|Any CPU
		{93CD479F-4F9A-4CA1-9CBA-B9348B587CF3}.Release|Any CPU.Build.0 = Release|Any CPU
		{CB1B1AB2-3FF5-4435-93BD-D020B9797D5F}.Debug|Any CPU.ActiveCfg = Debug|Any CPU
		{CB1B1AB2-3FF5-4435-93BD-D020B9797D5F}.Debug|Any CPU.Build.0 = Debug|Any CPU
		{CB1B1AB2-3FF5-4435-93BD-D020B9797D5F}.Release|Any CPU.ActiveCfg = Release|Any CPU
		{CB1B1AB2-3FF5-4435-93BD-D020B9797D5F}.Release|Any CPU.Build.0 = Release|Any CPU
		{E6C19C66-E3B2-4A28-8B0F-74331DE62786}.Debug|Any CPU.ActiveCfg = Debug|Any CPU
		{E6C19C66-E3B2-4A28-8B0F-74331DE62786}.Debug|Any CPU.Build.0 = Debug|Any CPU
		{E6C19C66-E3B2-4A28-8B0F-74331DE62786}.Release|Any CPU.ActiveCfg = Release|Any CPU
		{E6C19C66-E3B2-4A28-8B0F-74331DE62786}.Release|Any CPU.Build.0 = Release|Any CPU
		{E4E0714C-6670-4578-94D2-E8B3EAA45269}.Debug|Any CPU.ActiveCfg = Debug|Any CPU
		{E4E0714C-6670-4578-94D2-E8B3EAA45269}.Debug|Any CPU.Build.0 = Debug|Any CPU
		{E4E0714C-6670-4578-94D2-E8B3EAA45269}.Release|Any CPU.ActiveCfg = Release|Any CPU
		{E4E0714C-6670-4578-94D2-E8B3EAA45269}.Release|Any CPU.Build.0 = Release|Any CPU
		{10A49CEB-DB64-4FEB-AFE2-DA686A0E3140}.Debug|Any CPU.ActiveCfg = Debug|Any CPU
		{10A49CEB-DB64-4FEB-AFE2-DA686A0E3140}.Debug|Any CPU.Build.0 = Debug|Any CPU
		{10A49CEB-DB64-4FEB-AFE2-DA686A0E3140}.Release|Any CPU.ActiveCfg = Release|Any CPU
		{10A49CEB-DB64-4FEB-AFE2-DA686A0E3140}.Release|Any CPU.Build.0 = Release|Any CPU
		{86E76674-79F2-4312-A4DB-309F985363FB}.Debug|Any CPU.ActiveCfg = Debug|Any CPU
		{86E76674-79F2-4312-A4DB-309F985363FB}.Debug|Any CPU.Build.0 = Debug|Any CPU
		{86E76674-79F2-4312-A4DB-309F985363FB}.Release|Any CPU.ActiveCfg = Release|Any CPU
		{86E76674-79F2-4312-A4DB-309F985363FB}.Release|Any CPU.Build.0 = Release|Any CPU
		{88D1BF61-5525-4748-A498-FB20DD084B85}.Debug|Any CPU.ActiveCfg = Debug|Any CPU
		{88D1BF61-5525-4748-A498-FB20DD084B85}.Debug|Any CPU.Build.0 = Debug|Any CPU
		{88D1BF61-5525-4748-A498-FB20DD084B85}.Release|Any CPU.ActiveCfg = Release|Any CPU
		{88D1BF61-5525-4748-A498-FB20DD084B85}.Release|Any CPU.Build.0 = Release|Any CPU
		{3C6B1F0B-46BE-4FAF-9954-BB0F19FE145C}.Debug|Any CPU.ActiveCfg = Debug|Any CPU
		{3C6B1F0B-46BE-4FAF-9954-BB0F19FE145C}.Debug|Any CPU.Build.0 = Debug|Any CPU
		{3C6B1F0B-46BE-4FAF-9954-BB0F19FE145C}.Release|Any CPU.ActiveCfg = Release|Any CPU
		{3C6B1F0B-46BE-4FAF-9954-BB0F19FE145C}.Release|Any CPU.Build.0 = Release|Any CPU
		{0E6872DC-0AD0-48D3-92B2-F699F1C251EC}.Debug|Any CPU.ActiveCfg = Debug|Any CPU
		{0E6872DC-0AD0-48D3-92B2-F699F1C251EC}.Debug|Any CPU.Build.0 = Debug|Any CPU
		{0E6872DC-0AD0-48D3-92B2-F699F1C251EC}.Release|Any CPU.ActiveCfg = Release|Any CPU
		{0E6872DC-0AD0-48D3-92B2-F699F1C251EC}.Release|Any CPU.Build.0 = Release|Any CPU
		{198CA894-AAF5-4339-A58D-81DD4C362FA4}.Debug|Any CPU.ActiveCfg = Debug|Any CPU
		{198CA894-AAF5-4339-A58D-81DD4C362FA4}.Debug|Any CPU.Build.0 = Debug|Any CPU
		{198CA894-AAF5-4339-A58D-81DD4C362FA4}.Release|Any CPU.ActiveCfg = Release|Any CPU
		{198CA894-AAF5-4339-A58D-81DD4C362FA4}.Release|Any CPU.Build.0 = Release|Any CPU
	EndGlobalSection
	GlobalSection(SolutionProperties) = preSolution
		HideSolutionNode = FALSE
	EndGlobalSection
	GlobalSection(NestedProjects) = preSolution
		{38EBF9DB-DD3E-414C-8152-285897C24730} = {6E63A0B5-4F0B-48FD-BB27-58456528D015}
		{4B0C5533-4EE5-4BF1-A445-3D028044BCAE} = {6E63A0B5-4F0B-48FD-BB27-58456528D015}
		{93CD479F-4F9A-4CA1-9CBA-B9348B587CF3} = {722F73D2-1442-4D98-B1DB-EACFF2C43FD8}
		{CB1B1AB2-3FF5-4435-93BD-D020B9797D5F} = {722F73D2-1442-4D98-B1DB-EACFF2C43FD8}
		{E6C19C66-E3B2-4A28-8B0F-74331DE62786} = {0E5C1E07-561E-4082-9F9B-D7F12EE86C63}
		{E4E0714C-6670-4578-94D2-E8B3EAA45269} = {0E5C1E07-561E-4082-9F9B-D7F12EE86C63}
		{10A49CEB-DB64-4FEB-AFE2-DA686A0E3140} = {F032CF40-1279-4A9B-8CA3-1AA63AC6E1D9}
		{86E76674-79F2-4312-A4DB-309F985363FB} = {F032CF40-1279-4A9B-8CA3-1AA63AC6E1D9}
		{88D1BF61-5525-4748-A498-FB20DD084B85} = {B2835C88-E664-4333-8825-6CF0046C6EA7}
		{3C6B1F0B-46BE-4FAF-9954-BB0F19FE145C} = {B2835C88-E664-4333-8825-6CF0046C6EA7}
		{0E6872DC-0AD0-48D3-92B2-F699F1C251EC} = {DCAE929F-1EC8-4DBB-8421-499C1BC0745C}
		{198CA894-AAF5-4339-A58D-81DD4C362FA4} = {DCAE929F-1EC8-4DBB-8421-499C1BC0745C}
	EndGlobalSection
	GlobalSection(ExtensibilityGlobals) = postSolution
		SolutionGuid = {DAD3C9B6-D80A-46EE-8ABC-98CBE5F56CDE}
	EndGlobalSection
EndGlobal
